
Microsoft Visual Studio Solution File, Format Version 12.00
# Visual Studio 2015
Project("{FAE04EC0-301F-11D3-BF4B-00C04F79EFBC}") = "Helmoore-Island.CSharp.Plugins", "Helmoore-Island.CSharp.Plugins.csproj", "{85B2AB94-E197-BB04-D122-4676A10AF511}"
EndProject
Project("{FAE04EC0-301F-11D3-BF4B-00C04F79EFBC}") = "Helmoore-Island.CSharp", "Helmoore-Island.CSharp.csproj", "{1C2B5667-5994-B3D2-766F-74367A29A522}"
EndProject
Project("{FAE04EC0-301F-11D3-BF4B-00C04F79EFBC}") = "Helmoore-Island.CSharp.Editor.Plugins", "Helmoore-Island.CSharp.Editor.Plugins.csproj", "{DF1EA4F4-4FDD-4E69-0754-355693F31E7A}"
EndProject
Global
	GlobalSection(SolutionConfigurationPlatforms) = preSolution
		Debug|Any CPU = Debug|Any CPU
		Release|Any CPU = Release|Any CPU
	EndGlobalSection
	GlobalSection(ProjectConfigurationPlatforms) = postSolution
		{85B2AB94-E197-BB04-D122-4676A10AF511}.Debug|Any CPU.ActiveCfg = Debug|Any CPU
		{85B2AB94-E197-BB04-D122-4676A10AF511}.Debug|Any CPU.Build.0 = Debug|Any CPU
		{85B2AB94-E197-BB04-D122-4676A10AF511}.Release|Any CPU.ActiveCfg = Release|Any CPU
		{85B2AB94-E197-BB04-D122-4676A10AF511}.Release|Any CPU.Build.0 = Release|Any CPU
		{1C2B5667-5994-B3D2-766F-74367A29A522}.Debug|Any CPU.ActiveCfg = Debug|Any CPU
		{1C2B5667-5994-B3D2-766F-74367A29A522}.Debug|Any CPU.Build.0 = Debug|Any CPU
		{1C2B5667-5994-B3D2-766F-74367A29A522}.Release|Any CPU.ActiveCfg = Release|Any CPU
		{1C2B5667-5994-B3D2-766F-74367A29A522}.Release|Any CPU.Build.0 = Release|Any CPU
		{DF1EA4F4-4FDD-4E69-0754-355693F31E7A}.Debug|Any CPU.ActiveCfg = Debug|Any CPU
		{DF1EA4F4-4FDD-4E69-0754-355693F31E7A}.Debug|Any CPU.Build.0 = Debug|Any CPU
		{DF1EA4F4-4FDD-4E69-0754-355693F31E7A}.Release|Any CPU.ActiveCfg = Release|Any CPU
		{DF1EA4F4-4FDD-4E69-0754-355693F31E7A}.Release|Any CPU.Build.0 = Release|Any CPU
	EndGlobalSection
	GlobalSection(SolutionProperties) = preSolution
		HideSolutionNode = FALSE
	EndGlobalSection
EndGlobal
